
Microsoft Visual Studio Solution File, Format Version 12.00
# Visual Studio 15
Project("{FAE04EC0-301F-11D3-BF4B-00C04F79EFBC}") = "Phonebook.Android", "Phonebook.Android\Phonebook.Android.csproj", "{75370E90-34D8-4D31-9EA1-A20FFF30C513}"
EndProject
Project("{FAE04EC0-301F-11D3-BF4B-00C04F79EFBC}") = "Phonebook.iOS", "Phonebook.iOS\Phonebook.iOS.csproj", "{FDDB7CE5-E879-463D-BCC4-93EDE9938DA1}"
EndProject
Project("{FAE04EC0-301F-11D3-BF4B-00C04F79EFBC}") = "Phonebook.Core", "Phonebook\Phonebook.Core.csproj", "{45ECE22D-C8AC-4092-85EF-7213EEAFA7E3}"
EndProject
Project("{FAE04EC0-301F-11D3-BF4B-00C04F79EFBC}") = "Phonebook.API", "Phonebook.API\Phonebook.API.csproj", "{46D83DA9-7439-4CC5-A8E2-9A65F2796635}"
EndProject
Global
	GlobalSection(SolutionConfigurationPlatforms) = preSolution
		Debug|Any CPU = Debug|Any CPU
		Release|Any CPU = Release|Any CPU
		Debug|iPhoneSimulator = Debug|iPhoneSimulator
		Release|iPhoneSimulator = Release|iPhoneSimulator
		Debug|iPhone = Debug|iPhone
		Release|iPhone = Release|iPhone
		Ad-Hoc|iPhone = Ad-Hoc|iPhone
		AppStore|iPhone = AppStore|iPhone
	EndGlobalSection
	GlobalSection(ProjectConfigurationPlatforms) = postSolution
		{75370E90-34D8-4D31-9EA1-A20FFF30C513}.Debug|Any CPU.ActiveCfg = Debug|Any CPU
		{75370E90-34D8-4D31-9EA1-A20FFF30C513}.Debug|Any CPU.Build.0 = Debug|Any CPU
		{75370E90-34D8-4D31-9EA1-A20FFF30C513}.Release|Any CPU.ActiveCfg = Release|Any CPU
		{75370E90-34D8-4D31-9EA1-A20FFF30C513}.Release|Any CPU.Build.0 = Release|Any CPU
		{75370E90-34D8-4D31-9EA1-A20FFF30C513}.Debug|iPhoneSimulator.ActiveCfg = Debug|Any CPU
		{75370E90-34D8-4D31-9EA1-A20FFF30C513}.Debug|iPhoneSimulator.Build.0 = Debug|Any CPU
		{75370E90-34D8-4D31-9EA1-A20FFF30C513}.Release|iPhoneSimulator.ActiveCfg = Release|Any CPU
		{75370E90-34D8-4D31-9EA1-A20FFF30C513}.Release|iPhoneSimulator.Build.0 = Release|Any CPU
		{75370E90-34D8-4D31-9EA1-A20FFF30C513}.Debug|iPhone.ActiveCfg = Debug|Any CPU
		{75370E90-34D8-4D31-9EA1-A20FFF30C513}.Debug|iPhone.Build.0 = Debug|Any CPU
		{75370E90-34D8-4D31-9EA1-A20FFF30C513}.Release|iPhone.ActiveCfg = Release|Any CPU
		{75370E90-34D8-4D31-9EA1-A20FFF30C513}.Release|iPhone.Build.0 = Release|Any CPU
		{75370E90-34D8-4D31-9EA1-A20FFF30C513}.Ad-Hoc|iPhone.ActiveCfg = Debug|Any CPU
		{75370E90-34D8-4D31-9EA1-A20FFF30C513}.Ad-Hoc|iPhone.Build.0 = Debug|Any CPU
		{75370E90-34D8-4D31-9EA1-A20FFF30C513}.AppStore|iPhone.ActiveCfg = Debug|Any CPU
		{75370E90-34D8-4D31-9EA1-A20FFF30C513}.AppStore|iPhone.Build.0 = Debug|Any CPU
		{FDDB7CE5-E879-463D-BCC4-93EDE9938DA1}.Debug|Any CPU.ActiveCfg = Debug|iPhoneSimulator
		{FDDB7CE5-E879-463D-BCC4-93EDE9938DA1}.Debug|Any CPU.Build.0 = Debug|iPhoneSimulator
		{FDDB7CE5-E879-463D-BCC4-93EDE9938DA1}.Release|Any CPU.ActiveCfg = Release|iPhoneSimulator
		{FDDB7CE5-E879-463D-BCC4-93EDE9938DA1}.Release|Any CPU.Build.0 = Release|iPhoneSimulator
		{FDDB7CE5-E879-463D-BCC4-93EDE9938DA1}.Debug|iPhoneSimulator.ActiveCfg = Debug|iPhoneSimulator
		{FDDB7CE5-E879-463D-BCC4-93EDE9938DA1}.Debug|iPhoneSimulator.Build.0 = Debug|iPhoneSimulator
		{FDDB7CE5-E879-463D-BCC4-93EDE9938DA1}.Release|iPhoneSimulator.ActiveCfg = Release|iPhoneSimulator
		{FDDB7CE5-E879-463D-BCC4-93EDE9938DA1}.Release|iPhoneSimulator.Build.0 = Release|iPhoneSimulator
		{FDDB7CE5-E879-463D-BCC4-93EDE9938DA1}.Debug|iPhone.ActiveCfg = Debug|iPhone
		{FDDB7CE5-E879-463D-BCC4-93EDE9938DA1}.Debug|iPhone.Build.0 = Debug|iPhone
		{FDDB7CE5-E879-463D-BCC4-93EDE9938DA1}.Release|iPhone.ActiveCfg = Release|iPhone
		{FDDB7CE5-E879-463D-BCC4-93EDE9938DA1}.Release|iPhone.Build.0 = Release|iPhone
		{FDDB7CE5-E879-463D-BCC4-93EDE9938DA1}.Ad-Hoc|iPhone.ActiveCfg = Ad-Hoc|iPhone
		{FDDB7CE5-E879-463D-BCC4-93EDE9938DA1}.Ad-Hoc|iPhone.Build.0 = Ad-Hoc|iPhone
		{FDDB7CE5-E879-463D-BCC4-93EDE9938DA1}.AppStore|iPhone.ActiveCfg = AppStore|iPhone
		{FDDB7CE5-E879-463D-BCC4-93EDE9938DA1}.AppStore|iPhone.Build.0 = AppStore|iPhone
		{45ECE22D-C8AC-4092-85EF-7213EEAFA7E3}.Debug|Any CPU.ActiveCfg = Debug|Any CPU
		{45ECE22D-C8AC-4092-85EF-7213EEAFA7E3}.Debug|Any CPU.Build.0 = Debug|Any CPU
		{45ECE22D-C8AC-4092-85EF-7213EEAFA7E3}.Release|Any CPU.ActiveCfg = Release|Any CPU
		{45ECE22D-C8AC-4092-85EF-7213EEAFA7E3}.Release|Any CPU.Build.0 = Release|Any CPU
		{45ECE22D-C8AC-4092-85EF-7213EEAFA7E3}.Debug|iPhoneSimulator.ActiveCfg = Debug|Any CPU
		{45ECE22D-C8AC-4092-85EF-7213EEAFA7E3}.Debug|iPhoneSimulator.Build.0 = Debug|Any CPU
		{45ECE22D-C8AC-4092-85EF-7213EEAFA7E3}.Release|iPhoneSimulator.ActiveCfg = Release|Any CPU
		{45ECE22D-C8AC-4092-85EF-7213EEAFA7E3}.Release|iPhoneSimulator.Build.0 = Release|Any CPU
		{45ECE22D-C8AC-4092-85EF-7213EEAFA7E3}.Debug|iPhone.ActiveCfg = Debug|Any CPU
		{45ECE22D-C8AC-4092-85EF-7213EEAFA7E3}.Debug|iPhone.Build.0 = Debug|Any CPU
		{45ECE22D-C8AC-4092-85EF-7213EEAFA7E3}.Release|iPhone.ActiveCfg = Release|Any CPU
		{45ECE22D-C8AC-4092-85EF-7213EEAFA7E3}.Release|iPhone.Build.0 = Release|Any CPU
		{45ECE22D-C8AC-4092-85EF-7213EEAFA7E3}.Ad-Hoc|iPhone.ActiveCfg = Debug|Any CPU
		{45ECE22D-C8AC-4092-85EF-7213EEAFA7E3}.Ad-Hoc|iPhone.Build.0 = Debug|Any CPU
		{45ECE22D-C8AC-4092-85EF-7213EEAFA7E3}.AppStore|iPhone.ActiveCfg = Debug|Any CPU
		{45ECE22D-C8AC-4092-85EF-7213EEAFA7E3}.AppStore|iPhone.Build.0 = Debug|Any CPU
		{46D83DA9-7439-4CC5-A8E2-9A65F2796635}.Debug|Any CPU.ActiveCfg = Debug|Any CPU
		{46D83DA9-7439-4CC5-A8E2-9A65F2796635}.Debug|Any CPU.Build.0 = Debug|Any CPU
		{46D83DA9-7439-4CC5-A8E2-9A65F2796635}.Release|Any CPU.ActiveCfg = Release|Any CPU
		{46D83DA9-7439-4CC5-A8E2-9A65F2796635}.Release|Any CPU.Build.0 = Release|Any CPU
		{46D83DA9-7439-4CC5-A8E2-9A65F2796635}.Debug|iPhoneSimulator.ActiveCfg = Debug|Any CPU
		{46D83DA9-7439-4CC5-A8E2-9A65F2796635}.Debug|iPhoneSimulator.Build.0 = Debug|Any CPU
		{46D83DA9-7439-4CC5-A8E2-9A65F2796635}.Release|iPhoneSimulator.ActiveCfg = Release|Any CPU
		{46D83DA9-7439-4CC5-A8E2-9A65F2796635}.Release|iPhoneSimulator.Build.0 = Release|Any CPU
		{46D83DA9-7439-4CC5-A8E2-9A65F2796635}.Debug|iPhone.ActiveCfg = Debug|Any CPU
		{46D83DA9-7439-4CC5-A8E2-9A65F2796635}.Debug|iPhone.Build.0 = Debug|Any CPU
		{46D83DA9-7439-4CC5-A8E2-9A65F2796635}.Release|iPhone.ActiveCfg = Release|Any CPU
		{46D83DA9-7439-4CC5-A8E2-9A65F2796635}.Release|iPhone.Build.0 = Release|Any CPU
		{46D83DA9-7439-4CC5-A8E2-9A65F2796635}.Ad-Hoc|iPhone.ActiveCfg = Debug|Any CPU
		{46D83DA9-7439-4CC5-A8E2-9A65F2796635}.Ad-Hoc|iPhone.Build.0 = Debug|Any CPU
		{46D83DA9-7439-4CC5-A8E2-9A65F2796635}.AppStore|iPhone.ActiveCfg = Debug|Any CPU
		{46D83DA9-7439-4CC5-A8E2-9A65F2796635}.AppStore|iPhone.Build.0 = Debug|Any CPU
	EndGlobalSection
EndGlobal
